
Microsoft Visual Studio Solution File, Format Version 12.00
# Visual Studio Version 17
VisualStudioVersion = 17.1.32210.238
MinimumVisualStudioVersion = 10.0.40219.1
Project("{FAE04EC0-301F-11D3-BF4B-00C04F79EFBC}") = "WPFDatagrid", "WPFDatagrid\WPFDatagrid.csproj", "{9B0D0E1F-4A3E-41F6-A1AE-9ACBD1353626}"
EndProject
Global
	GlobalSection(SolutionConfigurationPlatforms) = preSolution
		Debug|Any CPU = Debug|Any CPU
		Release|Any CPU = Release|Any CPU
	EndGlobalSection
	GlobalSection(ProjectConfigurationPlatforms) = postSolution
		{9B0D0E1F-4A3E-41F6-A1AE-9ACBD1353626}.Debug|Any CPU.ActiveCfg = Debug|Any CPU
		{9B0D0E1F-4A3E-41F6-A1AE-9ACBD1353626}.Debug|Any CPU.Build.0 = Debug|Any CPU
		{9B0D0E1F-4A3E-41F6-A1AE-9ACBD1353626}.Release|Any CPU.ActiveCfg = Release|Any CPU
		{9B0D0E1F-4A3E-41F6-A1AE-9ACBD1353626}.Release|Any CPU.Build.0 = Release|Any CPU
	EndGlobalSection
	GlobalSection(SolutionProperties) = preSolution
		HideSolutionNode = FALSE
	EndGlobalSection
	GlobalSection(ExtensibilityGlobals) = postSolution
		SolutionGuid = {94F7E791-332B-46DC-9BE7-E74D53318794}
	EndGlobalSection
EndGlobal
